
Microsoft Visual Studio Solution File, Format Version 12.00
# Visual Studio Version 17
VisualStudioVersion = 17.7.34221.43
MinimumVisualStudioVersion = 10.0.40219.1
Project("{FAE04EC0-301F-11D3-BF4B-00C04F79EFBC}") = "期中專題.BackEnd.Site", "期中專題第三版.BackEnd.Site\期中專題.BackEnd.Site.csproj", "{9C99B3BE-FD70-48CD-A1D6-9421EAA70AAA}"
EndProject
Project("{2150E333-8FDC-42A3-9474-1A3956D46DE8}") = "01表現層", "01表現層", "{7E27C206-A646-49D1-9C1D-3CDCF46DD648}"
EndProject
Project("{2150E333-8FDC-42A3-9474-1A3956D46DE8}") = "02商業邏輯層", "02商業邏輯層", "{E9AECD54-F8A2-4234-8778-4E2D8AF92403}"
EndProject
Project("{2150E333-8FDC-42A3-9474-1A3956D46DE8}") = "03資料存取層", "03資料存取層", "{288590FA-6E65-4504-AF57-2A6A846DCFCC}"
EndProject
Project("{2150E333-8FDC-42A3-9474-1A3956D46DE8}") = "04基礎建設", "04基礎建設", "{575BD4F2-35AC-4C55-AADE-2A353BF82D04}"
EndProject
Project("{FAE04EC0-301F-11D3-BF4B-00C04F79EFBC}") = "DTO", "DTO\DTO.csproj", "{F76E9932-FF01-41EA-8139-76CF472C534E}"
EndProject
Project("{FAE04EC0-301F-11D3-BF4B-00C04F79EFBC}") = "EFModel", "EFModel\EFModel.csproj", "{E9E8F303-DD89-4D6F-9B56-4FE15294C7BA}"
EndProject
Project("{FAE04EC0-301F-11D3-BF4B-00C04F79EFBC}") = "Entity", "Entity\Entity.csproj", "{09F74437-EE1F-4087-8E7D-6F385717B58E}"
EndProject
Project("{FAE04EC0-301F-11D3-BF4B-00C04F79EFBC}") = "Utilities", "Utilities\Utilities.csproj", "{0B90D8DA-5E48-4644-B80A-1A24C29ADDAB}"
EndProject
Project("{FAE04EC0-301F-11D3-BF4B-00C04F79EFBC}") = "Criteria", "Criteria\Criteria.csproj", "{32507558-0268-4DE7-9A65-D020762A6A8F}"
EndProject
Project("{FAE04EC0-301F-11D3-BF4B-00C04F79EFBC}") = "DAL.EFModel", "DAL.EFModel\DAL.EFModel.csproj", "{574E8B3E-64CD-4475-9C41-DEDF19D04ABA}"
EndProject
Project("{FAE04EC0-301F-11D3-BF4B-00C04F79EFBC}") = "IDAL", "IDAL\IDAL.csproj", "{67D6F92C-5C50-4199-B8B9-953F05A420B8}"
EndProject
Project("{FAE04EC0-301F-11D3-BF4B-00C04F79EFBC}") = "DAL.Dapper", "DAL.Dapper\DAL.Dapper.csproj", "{1EEC1A77-DE97-428A-B1C2-5347E2C32BC1}"
EndProject
Project("{FAE04EC0-301F-11D3-BF4B-00C04F79EFBC}") = "IBLL", "IBLL\IBLL.csproj", "{5B09D2DE-2586-4E3E-AF73-7A6260D20D83}"
EndProject
Project("{FAE04EC0-301F-11D3-BF4B-00C04F79EFBC}") = "BLL", "BLL\BLL.csproj", "{ECECBD56-3594-43FE-B637-E7BAF3BD536E}"
EndProject
Global
	GlobalSection(SolutionConfigurationPlatforms) = preSolution
		Debug|Any CPU = Debug|Any CPU
		Release|Any CPU = Release|Any CPU
	EndGlobalSection
	GlobalSection(ProjectConfigurationPlatforms) = postSolution
		{9C99B3BE-FD70-48CD-A1D6-9421EAA70AAA}.Debug|Any CPU.ActiveCfg = Debug|Any CPU
		{9C99B3BE-FD70-48CD-A1D6-9421EAA70AAA}.Debug|Any CPU.Build.0 = Debug|Any CPU
		{9C99B3BE-FD70-48CD-A1D6-9421EAA70AAA}.Release|Any CPU.ActiveCfg = Release|Any CPU
		{9C99B3BE-FD70-48CD-A1D6-9421EAA70AAA}.Release|Any CPU.Build.0 = Release|Any CPU
		{F76E9932-FF01-41EA-8139-76CF472C534E}.Debug|Any CPU.ActiveCfg = Debug|Any CPU
		{F76E9932-FF01-41EA-8139-76CF472C534E}.Debug|Any CPU.Build.0 = Debug|Any CPU
		{F76E9932-FF01-41EA-8139-76CF472C534E}.Release|Any CPU.ActiveCfg = Release|Any CPU
		{F76E9932-FF01-41EA-8139-76CF472C534E}.Release|Any CPU.Build.0 = Release|Any CPU
		{E9E8F303-DD89-4D6F-9B56-4FE15294C7BA}.Debug|Any CPU.ActiveCfg = Debug|Any CPU
		{E9E8F303-DD89-4D6F-9B56-4FE15294C7BA}.Debug|Any CPU.Build.0 = Debug|Any CPU
		{E9E8F303-DD89-4D6F-9B56-4FE15294C7BA}.Release|Any CPU.ActiveCfg = Release|Any CPU
		{E9E8F303-DD89-4D6F-9B56-4FE15294C7BA}.Release|Any CPU.Build.0 = Release|Any CPU
		{09F74437-EE1F-4087-8E7D-6F385717B58E}.Debug|Any CPU.ActiveCfg = Debug|Any CPU
		{09F74437-EE1F-4087-8E7D-6F385717B58E}.Debug|Any CPU.Build.0 = Debug|Any CPU
		{09F74437-EE1F-4087-8E7D-6F385717B58E}.Release|Any CPU.ActiveCfg = Release|Any CPU
		{09F74437-EE1F-4087-8E7D-6F385717B58E}.Release|Any CPU.Build.0 = Release|Any CPU
		{0B90D8DA-5E48-4644-B80A-1A24C29ADDAB}.Debug|Any CPU.ActiveCfg = Debug|Any CPU
		{0B90D8DA-5E48-4644-B80A-1A24C29ADDAB}.Debug|Any CPU.Build.0 = Debug|Any CPU
		{0B90D8DA-5E48-4644-B80A-1A24C29ADDAB}.Release|Any CPU.ActiveCfg = Release|Any CPU
		{0B90D8DA-5E48-4644-B80A-1A24C29ADDAB}.Release|Any CPU.Build.0 = Release|Any CPU
		{32507558-0268-4DE7-9A65-D020762A6A8F}.Debug|Any CPU.ActiveCfg = Debug|Any CPU
		{32507558-0268-4DE7-9A65-D020762A6A8F}.Debug|Any CPU.Build.0 = Debug|Any CPU
		{32507558-0268-4DE7-9A65-D020762A6A8F}.Release|Any CPU.ActiveCfg = Release|Any CPU
		{32507558-0268-4DE7-9A65-D020762A6A8F}.Release|Any CPU.Build.0 = Release|Any CPU
		{574E8B3E-64CD-4475-9C41-DEDF19D04ABA}.Debug|Any CPU.ActiveCfg = Debug|Any CPU
		{574E8B3E-64CD-4475-9C41-DEDF19D04ABA}.Debug|Any CPU.Build.0 = Debug|Any CPU
		{574E8B3E-64CD-4475-9C41-DEDF19D04ABA}.Release|Any CPU.ActiveCfg = Release|Any CPU
		{574E8B3E-64CD-4475-9C41-DEDF19D04ABA}.Release|Any CPU.Build.0 = Release|Any CPU
		{67D6F92C-5C50-4199-B8B9-953F05A420B8}.Debug|Any CPU.ActiveCfg = Debug|Any CPU
		{67D6F92C-5C50-4199-B8B9-953F05A420B8}.Debug|Any CPU.Build.0 = Debug|Any CPU
		{67D6F92C-5C50-4199-B8B9-953F05A420B8}.Release|Any CPU.ActiveCfg = Release|Any CPU
		{67D6F92C-5C50-4199-B8B9-953F05A420B8}.Release|Any CPU.Build.0 = Release|Any CPU
		{1EEC1A77-DE97-428A-B1C2-5347E2C32BC1}.Debug|Any CPU.ActiveCfg = Debug|Any CPU
		{1EEC1A77-DE97-428A-B1C2-5347E2C32BC1}.Debug|Any CPU.Build.0 = Debug|Any CPU
		{1EEC1A77-DE97-428A-B1C2-5347E2C32BC1}.Release|Any CPU.ActiveCfg = Release|Any CPU
		{1EEC1A77-DE97-428A-B1C2-5347E2C32BC1}.Release|Any CPU.Build.0 = Release|Any CPU
		{5B09D2DE-2586-4E3E-AF73-7A6260D20D83}.Debug|Any CPU.ActiveCfg = Debug|Any CPU
		{5B09D2DE-2586-4E3E-AF73-7A6260D20D83}.Debug|Any CPU.Build.0 = Debug|Any CPU
		{5B09D2DE-2586-4E3E-AF73-7A6260D20D83}.Release|Any CPU.ActiveCfg = Release|Any CPU
		{5B09D2DE-2586-4E3E-AF73-7A6260D20D83}.Release|Any CPU.Build.0 = Release|Any CPU
		{ECECBD56-3594-43FE-B637-E7BAF3BD536E}.Debug|Any CPU.ActiveCfg = Debug|Any CPU
		{ECECBD56-3594-43FE-B637-E7BAF3BD536E}.Debug|Any CPU.Build.0 = Debug|Any CPU
		{ECECBD56-3594-43FE-B637-E7BAF3BD536E}.Release|Any CPU.ActiveCfg = Release|Any CPU
		{ECECBD56-3594-43FE-B637-E7BAF3BD536E}.Release|Any CPU.Build.0 = Release|Any CPU
	EndGlobalSection
	GlobalSection(SolutionProperties) = preSolution
		HideSolutionNode = FALSE
	EndGlobalSection
	GlobalSection(NestedProjects) = preSolution
		{9C99B3BE-FD70-48CD-A1D6-9421EAA70AAA} = {7E27C206-A646-49D1-9C1D-3CDCF46DD648}
		{F76E9932-FF01-41EA-8139-76CF472C534E} = {575BD4F2-35AC-4C55-AADE-2A353BF82D04}
		{E9E8F303-DD89-4D6F-9B56-4FE15294C7BA} = {575BD4F2-35AC-4C55-AADE-2A353BF82D04}
		{09F74437-EE1F-4087-8E7D-6F385717B58E} = {575BD4F2-35AC-4C55-AADE-2A353BF82D04}
		{0B90D8DA-5E48-4644-B80A-1A24C29ADDAB} = {575BD4F2-35AC-4C55-AADE-2A353BF82D04}
		{32507558-0268-4DE7-9A65-D020762A6A8F} = {575BD4F2-35AC-4C55-AADE-2A353BF82D04}
		{574E8B3E-64CD-4475-9C41-DEDF19D04ABA} = {288590FA-6E65-4504-AF57-2A6A846DCFCC}
		{67D6F92C-5C50-4199-B8B9-953F05A420B8} = {E9AECD54-F8A2-4234-8778-4E2D8AF92403}
		{1EEC1A77-DE97-428A-B1C2-5347E2C32BC1} = {288590FA-6E65-4504-AF57-2A6A846DCFCC}
		{5B09D2DE-2586-4E3E-AF73-7A6260D20D83} = {E9AECD54-F8A2-4234-8778-4E2D8AF92403}
		{ECECBD56-3594-43FE-B637-E7BAF3BD536E} = {E9AECD54-F8A2-4234-8778-4E2D8AF92403}
	EndGlobalSection
	GlobalSection(ExtensibilityGlobals) = postSolution
		SolutionGuid = {2A014AD0-6636-4C4C-BD50-3F7C4203830A}
	EndGlobalSection
EndGlobal
